<Solution>
  <Folder Name="/src/">
    <Project Path="src/RoslynMcp.Core/RoslynMcp.Core.csproj" />
    <Project Path="src/RoslynMcp.Host.Stdio/RoslynMcp.Host.Stdio.csproj" />
    <Project Path="src/RoslynMcp.Roslyn/RoslynMcp.Roslyn.csproj" />
  </Folder>
  <Folder Name="/tests/">
    <Project Path="tests/RoslynMcp.Tests/RoslynMcp.Tests.csproj" />
  </Folder>
</Solution>
